
Microsoft Visual Studio Solution File, Format Version 12.00
# Visual Studio Version 16
VisualStudioVersion = 16.0.29201.188
MinimumVisualStudioVersion = 10.0.40219.1
Project("{FAE04EC0-301F-11D3-BF4B-00C04F79EFBC}") = "WebApplication2", "WebApplication2\WebApplication2.csproj", "{133E87E7-14AB-4CB0-9761-021F8108604C}"
EndProject
Project("{FAE04EC0-301F-11D3-BF4B-00C04F79EFBC}") = "Models", "Models\Models.csproj", "{828FBCAE-6F25-4D90-9CF1-072BB18344CF}"
EndProject
Global
	GlobalSection(SolutionConfigurationPlatforms) = preSolution
		Debug|Any CPU = Debug|Any CPU
		Release|Any CPU = Release|Any CPU
	EndGlobalSection
	GlobalSection(ProjectConfigurationPlatforms) = postSolution
		{133E87E7-14AB-4CB0-9761-021F8108604C}.Debug|Any CPU.ActiveCfg = Debug|Any CPU
		{133E87E7-14AB-4CB0-9761-021F8108604C}.Debug|Any CPU.Build.0 = Debug|Any CPU
		{133E87E7-14AB-4CB0-9761-021F8108604C}.Release|Any CPU.ActiveCfg = Release|Any CPU
		{133E87E7-14AB-4CB0-9761-021F8108604C}.Release|Any CPU.Build.0 = Release|Any CPU
		{828FBCAE-6F25-4D90-9CF1-072BB18344CF}.Debug|Any CPU.ActiveCfg = Debug|Any CPU
		{828FBCAE-6F25-4D90-9CF1-072BB18344CF}.Debug|Any CPU.Build.0 = Debug|Any CPU
		{828FBCAE-6F25-4D90-9CF1-072BB18344CF}.Release|Any CPU.ActiveCfg = Release|Any CPU
		{828FBCAE-6F25-4D90-9CF1-072BB18344CF}.Release|Any CPU.Build.0 = Release|Any CPU
	EndGlobalSection
	GlobalSection(SolutionProperties) = preSolution
		HideSolutionNode = FALSE
	EndGlobalSection
	GlobalSection(ExtensibilityGlobals) = postSolution
		SolutionGuid = {434B327D-6BF3-4DC3-9457-B56994DA186C}
	EndGlobalSection
EndGlobal
